
Microsoft Visual Studio Solution File, Format Version 12.00
# Visual Studio Version 16
VisualStudioVersion = 16.0.33801.447
MinimumVisualStudioVersion = 10.0.40219.1
Project("{00D1A9C2-B5F0-4AF3-8072-F6C62B433612}") = "TimsDinerDB", "TimsDinerDB\TimsDinerDB.sqlproj", "{EA56B003-A13B-4C9D-A16E-8C038A54EF54}"
EndProject
Global
	GlobalSection(SolutionConfigurationPlatforms) = preSolution
		Debug|Any CPU = Debug|Any CPU
		Release|Any CPU = Release|Any CPU
	EndGlobalSection
	GlobalSection(ProjectConfigurationPlatforms) = postSolution
		{EA56B003-A13B-4C9D-A16E-8C038A54EF54}.Debug|Any CPU.ActiveCfg = Debug|Any CPU
		{EA56B003-A13B-4C9D-A16E-8C038A54EF54}.Debug|Any CPU.Build.0 = Debug|Any CPU
		{EA56B003-A13B-4C9D-A16E-8C038A54EF54}.Debug|Any CPU.Deploy.0 = Debug|Any CPU
		{EA56B003-A13B-4C9D-A16E-8C038A54EF54}.Release|Any CPU.ActiveCfg = Release|Any CPU
		{EA56B003-A13B-4C9D-A16E-8C038A54EF54}.Release|Any CPU.Build.0 = Release|Any CPU
		{EA56B003-A13B-4C9D-A16E-8C038A54EF54}.Release|Any CPU.Deploy.0 = Release|Any CPU
	EndGlobalSection
	GlobalSection(SolutionProperties) = preSolution
		HideSolutionNode = FALSE
	EndGlobalSection
	GlobalSection(ExtensibilityGlobals) = postSolution
		SolutionGuid = {DEBAF1F2-51C1-45B9-8AAD-AE12A3A0872D}
	EndGlobalSection
EndGlobal
